
Microsoft Visual Studio Solution File, Format Version 12.00
# Visual Studio Version 17
VisualStudioVersion = 17.1.32414.318
MinimumVisualStudioVersion = 10.0.40219.1
Project("{9A19103F-16F7-4668-BE54-9A1E7A4F7556}") = "EntityToDB", "EntityToDB\EntityToDB.csproj", "{2F024637-57C9-4157-A4BF-9E3F88281FDA}"
EndProject
Project("{9A19103F-16F7-4668-BE54-9A1E7A4F7556}") = "CommonTools", "CommonTools\CommonTools.csproj", "{71D5C5BA-70A2-456E-A529-744088347B53}"
EndProject
Project("{9A19103F-16F7-4668-BE54-9A1E7A4F7556}") = "EGen", "EGen\EGen.csproj", "{F6CF3CE0-E299-4280-83D8-8A77055F3E6E}"
EndProject
Project("{9A19103F-16F7-4668-BE54-9A1E7A4F7556}") = "DbTest", "DbTest\DbTest.csproj", "{FCB23036-E6F0-49E1-939B-5613E992E2DF}"
EndProject
Project("{FAE04EC0-301F-11D3-BF4B-00C04F79EFBC}") = "ServiceTest", "ServiceTest\ServiceTest.csproj", "{BD1D98F5-6F4F-4BF1-948C-1487E718B129}"
EndProject
Project("{FAE04EC0-301F-11D3-BF4B-00C04F79EFBC}") = "DbService", "DbService\DbService.csproj", "{76B80B59-9DFB-4569-BC57-1D04913BA007}"
EndProject
Global
	GlobalSection(SolutionConfigurationPlatforms) = preSolution
		Debug|Any CPU = Debug|Any CPU
		Release|Any CPU = Release|Any CPU
	EndGlobalSection
	GlobalSection(ProjectConfigurationPlatforms) = postSolution
		{2F024637-57C9-4157-A4BF-9E3F88281FDA}.Debug|Any CPU.ActiveCfg = Debug|Any CPU
		{2F024637-57C9-4157-A4BF-9E3F88281FDA}.Debug|Any CPU.Build.0 = Debug|Any CPU
		{2F024637-57C9-4157-A4BF-9E3F88281FDA}.Release|Any CPU.ActiveCfg = Release|Any CPU
		{2F024637-57C9-4157-A4BF-9E3F88281FDA}.Release|Any CPU.Build.0 = Release|Any CPU
		{71D5C5BA-70A2-456E-A529-744088347B53}.Debug|Any CPU.ActiveCfg = Debug|Any CPU
		{71D5C5BA-70A2-456E-A529-744088347B53}.Debug|Any CPU.Build.0 = Debug|Any CPU
		{71D5C5BA-70A2-456E-A529-744088347B53}.Release|Any CPU.ActiveCfg = Release|Any CPU
		{71D5C5BA-70A2-456E-A529-744088347B53}.Release|Any CPU.Build.0 = Release|Any CPU
		{F6CF3CE0-E299-4280-83D8-8A77055F3E6E}.Debug|Any CPU.ActiveCfg = Debug|Any CPU
		{F6CF3CE0-E299-4280-83D8-8A77055F3E6E}.Debug|Any CPU.Build.0 = Debug|Any CPU
		{F6CF3CE0-E299-4280-83D8-8A77055F3E6E}.Release|Any CPU.ActiveCfg = Release|Any CPU
		{F6CF3CE0-E299-4280-83D8-8A77055F3E6E}.Release|Any CPU.Build.0 = Release|Any CPU
		{FCB23036-E6F0-49E1-939B-5613E992E2DF}.Debug|Any CPU.ActiveCfg = Debug|Any CPU
		{FCB23036-E6F0-49E1-939B-5613E992E2DF}.Debug|Any CPU.Build.0 = Debug|Any CPU
		{FCB23036-E6F0-49E1-939B-5613E992E2DF}.Release|Any CPU.ActiveCfg = Release|Any CPU
		{FCB23036-E6F0-49E1-939B-5613E992E2DF}.Release|Any CPU.Build.0 = Release|Any CPU
		{BD1D98F5-6F4F-4BF1-948C-1487E718B129}.Debug|Any CPU.ActiveCfg = Debug|Any CPU
		{BD1D98F5-6F4F-4BF1-948C-1487E718B129}.Debug|Any CPU.Build.0 = Debug|Any CPU
		{BD1D98F5-6F4F-4BF1-948C-1487E718B129}.Release|Any CPU.ActiveCfg = Release|Any CPU
		{BD1D98F5-6F4F-4BF1-948C-1487E718B129}.Release|Any CPU.Build.0 = Release|Any CPU
		{76B80B59-9DFB-4569-BC57-1D04913BA007}.Debug|Any CPU.ActiveCfg = Debug|Any CPU
		{76B80B59-9DFB-4569-BC57-1D04913BA007}.Debug|Any CPU.Build.0 = Debug|Any CPU
		{76B80B59-9DFB-4569-BC57-1D04913BA007}.Release|Any CPU.ActiveCfg = Release|Any CPU
		{76B80B59-9DFB-4569-BC57-1D04913BA007}.Release|Any CPU.Build.0 = Release|Any CPU
	EndGlobalSection
	GlobalSection(SolutionProperties) = preSolution
		HideSolutionNode = FALSE
	EndGlobalSection
	GlobalSection(ExtensibilityGlobals) = postSolution
		SolutionGuid = {5C7E08CB-E20B-4CDA-8C9B-911B53B98E99}
	EndGlobalSection
EndGlobal
